
Microsoft Visual Studio Solution File, Format Version 12.00
# Visual Studio Version 17
VisualStudioVersion = 17.1.32421.90
MinimumVisualStudioVersion = 10.0.40219.1
Project("{9A19103F-16F7-4668-BE54-9A1E7A4F7556}") = "FormsTP3", "Login\FormsTP3.csproj", "{38C9C557-EF16-4DB3-BFA2-3BF9199A9795}"
EndProject
Project("{9A19103F-16F7-4668-BE54-9A1E7A4F7556}") = "EntidadesTp3", "Usuario\EntidadesTp3.csproj", "{B7A76EC6-FC6C-4C92-B25E-E3D12BAF6384}"
EndProject
Project("{9A19103F-16F7-4668-BE54-9A1E7A4F7556}") = "PruebasTp", "PruebasTp\PruebasTp.csproj", "{A5CDADD2-3EF6-4401-BCCE-475DB9583682}"
EndProject
Project("{FAE04EC0-301F-11D3-BF4B-00C04F79EFBC}") = "EntidadesArchivos", "EntidadesArchivos\EntidadesArchivos.csproj", "{E81F1324-7A6F-4650-BB47-3CAEA0DD3573}"
EndProject
Project("{FAE04EC0-301F-11D3-BF4B-00C04F79EFBC}") = "EntidadesExcepciones", "EntidadesExcepciones\EntidadesExcepciones.csproj", "{E9740870-9F05-46EC-B838-6D3BA5C3EDBC}"
EndProject
Global
	GlobalSection(SolutionConfigurationPlatforms) = preSolution
		Debug|Any CPU = Debug|Any CPU
		Release|Any CPU = Release|Any CPU
	EndGlobalSection
	GlobalSection(ProjectConfigurationPlatforms) = postSolution
		{38C9C557-EF16-4DB3-BFA2-3BF9199A9795}.Debug|Any CPU.ActiveCfg = Debug|Any CPU
		{38C9C557-EF16-4DB3-BFA2-3BF9199A9795}.Debug|Any CPU.Build.0 = Debug|Any CPU
		{38C9C557-EF16-4DB3-BFA2-3BF9199A9795}.Release|Any CPU.ActiveCfg = Release|Any CPU
		{38C9C557-EF16-4DB3-BFA2-3BF9199A9795}.Release|Any CPU.Build.0 = Release|Any CPU
		{B7A76EC6-FC6C-4C92-B25E-E3D12BAF6384}.Debug|Any CPU.ActiveCfg = Debug|Any CPU
		{B7A76EC6-FC6C-4C92-B25E-E3D12BAF6384}.Debug|Any CPU.Build.0 = Debug|Any CPU
		{B7A76EC6-FC6C-4C92-B25E-E3D12BAF6384}.Release|Any CPU.ActiveCfg = Release|Any CPU
		{B7A76EC6-FC6C-4C92-B25E-E3D12BAF6384}.Release|Any CPU.Build.0 = Release|Any CPU
		{A5CDADD2-3EF6-4401-BCCE-475DB9583682}.Debug|Any CPU.ActiveCfg = Debug|Any CPU
		{A5CDADD2-3EF6-4401-BCCE-475DB9583682}.Debug|Any CPU.Build.0 = Debug|Any CPU
		{A5CDADD2-3EF6-4401-BCCE-475DB9583682}.Release|Any CPU.ActiveCfg = Release|Any CPU
		{A5CDADD2-3EF6-4401-BCCE-475DB9583682}.Release|Any CPU.Build.0 = Release|Any CPU
		{E81F1324-7A6F-4650-BB47-3CAEA0DD3573}.Debug|Any CPU.ActiveCfg = Debug|Any CPU
		{E81F1324-7A6F-4650-BB47-3CAEA0DD3573}.Debug|Any CPU.Build.0 = Debug|Any CPU
		{E81F1324-7A6F-4650-BB47-3CAEA0DD3573}.Release|Any CPU.ActiveCfg = Release|Any CPU
		{E81F1324-7A6F-4650-BB47-3CAEA0DD3573}.Release|Any CPU.Build.0 = Release|Any CPU
		{E9740870-9F05-46EC-B838-6D3BA5C3EDBC}.Debug|Any CPU.ActiveCfg = Debug|Any CPU
		{E9740870-9F05-46EC-B838-6D3BA5C3EDBC}.Debug|Any CPU.Build.0 = Debug|Any CPU
		{E9740870-9F05-46EC-B838-6D3BA5C3EDBC}.Release|Any CPU.ActiveCfg = Release|Any CPU
		{E9740870-9F05-46EC-B838-6D3BA5C3EDBC}.Release|Any CPU.Build.0 = Release|Any CPU
	EndGlobalSection
	GlobalSection(SolutionProperties) = preSolution
		HideSolutionNode = FALSE
	EndGlobalSection
	GlobalSection(ExtensibilityGlobals) = postSolution
		SolutionGuid = {3ABB1D46-0CA2-4023-A982-B67EB15E3BE0}
	EndGlobalSection
EndGlobal
